
Microsoft Visual Studio Solution File, Format Version 12.00
# Visual Studio Version 16
VisualStudioVersion = 16.0.29905.134
MinimumVisualStudioVersion = 10.0.40219.1
Project("{9A19103F-16F7-4668-BE54-9A1E7A4F7556}") = "Domain", "CompositePruebaDulces\Domain.csproj", "{A2845666-8862-4CF2-AF3D-D5B417F60C4F}"
EndProject
Project("{9A19103F-16F7-4668-BE54-9A1E7A4F7556}") = "DomainTest", "CompositeDulcesTest\DomainTest.csproj", "{A578C168-1CD3-4890-97C4-A051BCA422FA}"
EndProject
Project("{9A19103F-16F7-4668-BE54-9A1E7A4F7556}") = "Infrastructure", "Infrastructure\Infrastructure.csproj", "{C484CF5B-FDCF-43D9-9E22-933345BE93F1}"
EndProject
Project("{9A19103F-16F7-4668-BE54-9A1E7A4F7556}") = "Application", "Application\Application.csproj", "{85B34744-E650-497F-A6CB-22BEFA7F2D86}"
EndProject
Project("{9A19103F-16F7-4668-BE54-9A1E7A4F7556}") = "WebApi", "WebApi\WebApi.csproj", "{6E9FAF2C-7C59-448F-9AF3-B794D7C2D97C}"
EndProject
Project("{FAE04EC0-301F-11D3-BF4B-00C04F79EFBC}") = "ApplicationTest", "ApplicationTest\ApplicationTest.csproj", "{9A98E7BC-6804-4F4F-97AF-7C526CD8D1F2}"
EndProject
Global
	GlobalSection(SolutionConfigurationPlatforms) = preSolution
		Debug|Any CPU = Debug|Any CPU
		Release|Any CPU = Release|Any CPU
	EndGlobalSection
	GlobalSection(ProjectConfigurationPlatforms) = postSolution
		{A2845666-8862-4CF2-AF3D-D5B417F60C4F}.Debug|Any CPU.ActiveCfg = Debug|Any CPU
		{A2845666-8862-4CF2-AF3D-D5B417F60C4F}.Debug|Any CPU.Build.0 = Debug|Any CPU
		{A2845666-8862-4CF2-AF3D-D5B417F60C4F}.Release|Any CPU.ActiveCfg = Release|Any CPU
		{A2845666-8862-4CF2-AF3D-D5B417F60C4F}.Release|Any CPU.Build.0 = Release|Any CPU
		{A578C168-1CD3-4890-97C4-A051BCA422FA}.Debug|Any CPU.ActiveCfg = Debug|Any CPU
		{A578C168-1CD3-4890-97C4-A051BCA422FA}.Debug|Any CPU.Build.0 = Debug|Any CPU
		{A578C168-1CD3-4890-97C4-A051BCA422FA}.Release|Any CPU.ActiveCfg = Release|Any CPU
		{A578C168-1CD3-4890-97C4-A051BCA422FA}.Release|Any CPU.Build.0 = Release|Any CPU
		{C484CF5B-FDCF-43D9-9E22-933345BE93F1}.Debug|Any CPU.ActiveCfg = Debug|Any CPU
		{C484CF5B-FDCF-43D9-9E22-933345BE93F1}.Debug|Any CPU.Build.0 = Debug|Any CPU
		{C484CF5B-FDCF-43D9-9E22-933345BE93F1}.Release|Any CPU.ActiveCfg = Release|Any CPU
		{C484CF5B-FDCF-43D9-9E22-933345BE93F1}.Release|Any CPU.Build.0 = Release|Any CPU
		{85B34744-E650-497F-A6CB-22BEFA7F2D86}.Debug|Any CPU.ActiveCfg = Debug|Any CPU
		{85B34744-E650-497F-A6CB-22BEFA7F2D86}.Debug|Any CPU.Build.0 = Debug|Any CPU
		{85B34744-E650-497F-A6CB-22BEFA7F2D86}.Release|Any CPU.ActiveCfg = Release|Any CPU
		{85B34744-E650-497F-A6CB-22BEFA7F2D86}.Release|Any CPU.Build.0 = Release|Any CPU
		{6E9FAF2C-7C59-448F-9AF3-B794D7C2D97C}.Debug|Any CPU.ActiveCfg = Debug|Any CPU
		{6E9FAF2C-7C59-448F-9AF3-B794D7C2D97C}.Debug|Any CPU.Build.0 = Debug|Any CPU
		{6E9FAF2C-7C59-448F-9AF3-B794D7C2D97C}.Release|Any CPU.ActiveCfg = Release|Any CPU
		{6E9FAF2C-7C59-448F-9AF3-B794D7C2D97C}.Release|Any CPU.Build.0 = Release|Any CPU
		{9A98E7BC-6804-4F4F-97AF-7C526CD8D1F2}.Debug|Any CPU.ActiveCfg = Debug|Any CPU
		{9A98E7BC-6804-4F4F-97AF-7C526CD8D1F2}.Debug|Any CPU.Build.0 = Debug|Any CPU
		{9A98E7BC-6804-4F4F-97AF-7C526CD8D1F2}.Release|Any CPU.ActiveCfg = Release|Any CPU
		{9A98E7BC-6804-4F4F-97AF-7C526CD8D1F2}.Release|Any CPU.Build.0 = Release|Any CPU
	EndGlobalSection
	GlobalSection(SolutionProperties) = preSolution
		HideSolutionNode = FALSE
	EndGlobalSection
	GlobalSection(ExtensibilityGlobals) = postSolution
		SolutionGuid = {0BFF42EE-5AB8-445B-ADD0-5D8DADF9CB8E}
	EndGlobalSection
EndGlobal
